
Microsoft Visual Studio Solution File, Format Version 12.00
# Visual Studio Version 17
VisualStudioVersion = 17.13.35931.197
MinimumVisualStudioVersion = 10.0.40219.1
Project("{FAE04EC0-301F-11D3-BF4B-00C04F79EFBC}") = "POO", "POO\POO.csproj", "{49070D46-E38C-4A94-84DC-C60ACB794A23}"
EndProject
Project("{FAE04EC0-301F-11D3-BF4B-00C04F79EFBC}") = "ejercicio2", "ejercicio2\ejercicio2.csproj", "{6E585CE2-5C32-462B-8D22-11DD26266CA3}"
EndProject
Project("{FAE04EC0-301F-11D3-BF4B-00C04F79EFBC}") = "ejercicio3", "ejercicio3\ejercicio3.csproj", "{523D13FB-D096-42CF-941C-C9120438FAB5}"
EndProject
Project("{FAE04EC0-301F-11D3-BF4B-00C04F79EFBC}") = "ejercicio4", "ejercicio4\ejercicio4.csproj", "{AD086389-38EE-4D38-A279-84703C13FECE}"
EndProject
Project("{FAE04EC0-301F-11D3-BF4B-00C04F79EFBC}") = "ejercicio5", "ejercicio5\ejercicio5.csproj", "{AF36AB48-3028-4AD1-A402-3EDD14510460}"
EndProject
Project("{FAE04EC0-301F-11D3-BF4B-00C04F79EFBC}") = "ejercicio6", "ejercicio6\ejercicio6.csproj", "{1767E321-287D-488D-8309-2069F0FECA8E}"
EndProject
Project("{FAE04EC0-301F-11D3-BF4B-00C04F79EFBC}") = "ejercicio7", "ejercicio7\ejercicio7.csproj", "{B9B83183-F7D1-4411-BF83-1E70705E896C}"
EndProject
Project("{FAE04EC0-301F-11D3-BF4B-00C04F79EFBC}") = "ejercicio8", "ejercicio8\ejercicio8.csproj", "{8AA5013B-5225-483D-A725-9E8CB6A1E875}"
EndProject
Project("{FAE04EC0-301F-11D3-BF4B-00C04F79EFBC}") = "ejercicio9", "ejercicio9\ejercicio9.csproj", "{B35F8B2A-2936-4E6F-B867-5C5461C4DC7F}"
EndProject
Project("{FAE04EC0-301F-11D3-BF4B-00C04F79EFBC}") = "ejercicio10", "ejercicio10\ejercicio10.csproj", "{AF1873F1-26BA-4EAD-83B1-3699B224CF71}"
EndProject
Project("{FAE04EC0-301F-11D3-BF4B-00C04F79EFBC}") = "ejercicio11", "ejercicio11\ejercicio11.csproj", "{E2075982-368D-418B-9CF8-D28176C50DAF}"
EndProject
Project("{FAE04EC0-301F-11D3-BF4B-00C04F79EFBC}") = "ejercicio12", "ejercicio12\ejercicio12.csproj", "{0B58E2AA-6D45-4E93-AC1E-10FF684A73F8}"
EndProject
Project("{FAE04EC0-301F-11D3-BF4B-00C04F79EFBC}") = "ejercicio13", "ejercicio13\ejercicio13.csproj", "{209FA320-69B4-4667-90EC-9009DCB1DA27}"
EndProject
Project("{FAE04EC0-301F-11D3-BF4B-00C04F79EFBC}") = "ejercicio14", "ejercicio14\ejercicio14.csproj", "{209FA320-69B4-4667-90EC-9009DCB1DA27}"
EndProject
Project("{FAE04EC0-301F-11D3-BF4B-00C04F79EFBC}") = "ejercicio15", "ejercicio15\ejercicio15.csproj", "{209FA320-69B4-4667-90EC-9009DCB1DA27}"
EndProject
Global
	GlobalSection(SolutionConfigurationPlatforms) = preSolution
		Debug|Any CPU = Debug|Any CPU
		Release|Any CPU = Release|Any CPU
	EndGlobalSection
	GlobalSection(ProjectConfigurationPlatforms) = postSolution
		{49070D46-E38C-4A94-84DC-C60ACB794A23}.Debug|Any CPU.ActiveCfg = Debug|Any CPU
		{49070D46-E38C-4A94-84DC-C60ACB794A23}.Debug|Any CPU.Build.0 = Debug|Any CPU
		{49070D46-E38C-4A94-84DC-C60ACB794A23}.Release|Any CPU.ActiveCfg = Release|Any CPU
		{49070D46-E38C-4A94-84DC-C60ACB794A23}.Release|Any CPU.Build.0 = Release|Any CPU
		{6E585CE2-5C32-462B-8D22-11DD26266CA3}.Debug|Any CPU.ActiveCfg = Debug|Any CPU
		{6E585CE2-5C32-462B-8D22-11DD26266CA3}.Debug|Any CPU.Build.0 = Debug|Any CPU
		{6E585CE2-5C32-462B-8D22-11DD26266CA3}.Release|Any CPU.ActiveCfg = Release|Any CPU
		{6E585CE2-5C32-462B-8D22-11DD26266CA3}.Release|Any CPU.Build.0 = Release|Any CPU
		{523D13FB-D096-42CF-941C-C9120438FAB5}.Debug|Any CPU.ActiveCfg = Debug|Any CPU
		{523D13FB-D096-42CF-941C-C9120438FAB5}.Debug|Any CPU.Build.0 = Debug|Any CPU
		{523D13FB-D096-42CF-941C-C9120438FAB5}.Release|Any CPU.ActiveCfg = Release|Any CPU
		{523D13FB-D096-42CF-941C-C9120438FAB5}.Release|Any CPU.Build.0 = Release|Any CPU
		{AD086389-38EE-4D38-A279-84703C13FECE}.Debug|Any CPU.ActiveCfg = Debug|Any CPU
		{AD086389-38EE-4D38-A279-84703C13FECE}.Debug|Any CPU.Build.0 = Debug|Any CPU
		{AD086389-38EE-4D38-A279-84703C13FECE}.Release|Any CPU.ActiveCfg = Release|Any CPU
		{AD086389-38EE-4D38-A279-84703C13FECE}.Release|Any CPU.Build.0 = Release|Any CPU
		{AF36AB48-3028-4AD1-A402-3EDD14510460}.Debug|Any CPU.ActiveCfg = Debug|Any CPU
		{AF36AB48-3028-4AD1-A402-3EDD14510460}.Debug|Any CPU.Build.0 = Debug|Any CPU
		{AF36AB48-3028-4AD1-A402-3EDD14510460}.Release|Any CPU.ActiveCfg = Release|Any CPU
		{AF36AB48-3028-4AD1-A402-3EDD14510460}.Release|Any CPU.Build.0 = Release|Any CPU
		{1767E321-287D-488D-8309-2069F0FECA8E}.Debug|Any CPU.ActiveCfg = Debug|Any CPU
		{1767E321-287D-488D-8309-2069F0FECA8E}.Debug|Any CPU.Build.0 = Debug|Any CPU
		{1767E321-287D-488D-8309-2069F0FECA8E}.Release|Any CPU.ActiveCfg = Release|Any CPU
		{1767E321-287D-488D-8309-2069F0FECA8E}.Release|Any CPU.Build.0 = Release|Any CPU
		{B9B83183-F7D1-4411-BF83-1E70705E896C}.Debug|Any CPU.ActiveCfg = Debug|Any CPU
		{B9B83183-F7D1-4411-BF83-1E70705E896C}.Debug|Any CPU.Build.0 = Debug|Any CPU
		{B9B83183-F7D1-4411-BF83-1E70705E896C}.Release|Any CPU.ActiveCfg = Release|Any CPU
		{B9B83183-F7D1-4411-BF83-1E70705E896C}.Release|Any CPU.Build.0 = Release|Any CPU
		{8AA5013B-5225-483D-A725-9E8CB6A1E875}.Debug|Any CPU.ActiveCfg = Debug|Any CPU
		{8AA5013B-5225-483D-A725-9E8CB6A1E875}.Debug|Any CPU.Build.0 = Debug|Any CPU
		{8AA5013B-5225-483D-A725-9E8CB6A1E875}.Release|Any CPU.ActiveCfg = Release|Any CPU
		{8AA5013B-5225-483D-A725-9E8CB6A1E875}.Release|Any CPU.Build.0 = Release|Any CPU
		{B35F8B2A-2936-4E6F-B867-5C5461C4DC7F}.Debug|Any CPU.ActiveCfg = Debug|Any CPU
		{B35F8B2A-2936-4E6F-B867-5C5461C4DC7F}.Debug|Any CPU.Build.0 = Debug|Any CPU
		{B35F8B2A-2936-4E6F-B867-5C5461C4DC7F}.Release|Any CPU.ActiveCfg = Release|Any CPU
		{B35F8B2A-2936-4E6F-B867-5C5461C4DC7F}.Release|Any CPU.Build.0 = Release|Any CPU
		{AF1873F1-26BA-4EAD-83B1-3699B224CF71}.Debug|Any CPU.ActiveCfg = Debug|Any CPU
		{AF1873F1-26BA-4EAD-83B1-3699B224CF71}.Debug|Any CPU.Build.0 = Debug|Any CPU
		{AF1873F1-26BA-4EAD-83B1-3699B224CF71}.Release|Any CPU.ActiveCfg = Release|Any CPU
		{AF1873F1-26BA-4EAD-83B1-3699B224CF71}.Release|Any CPU.Build.0 = Release|Any CPU
		{E2075982-368D-418B-9CF8-D28176C50DAF}.Debug|Any CPU.ActiveCfg = Debug|Any CPU
		{E2075982-368D-418B-9CF8-D28176C50DAF}.Debug|Any CPU.Build.0 = Debug|Any CPU
		{E2075982-368D-418B-9CF8-D28176C50DAF}.Release|Any CPU.ActiveCfg = Release|Any CPU
		{E2075982-368D-418B-9CF8-D28176C50DAF}.Release|Any CPU.Build.0 = Release|Any CPU
		{0B58E2AA-6D45-4E93-AC1E-10FF684A73F8}.Debug|Any CPU.ActiveCfg = Debug|Any CPU
		{0B58E2AA-6D45-4E93-AC1E-10FF684A73F8}.Debug|Any CPU.Build.0 = Debug|Any CPU
		{0B58E2AA-6D45-4E93-AC1E-10FF684A73F8}.Release|Any CPU.ActiveCfg = Release|Any CPU
		{0B58E2AA-6D45-4E93-AC1E-10FF684A73F8}.Release|Any CPU.Build.0 = Release|Any CPU
		{209FA320-69B4-4667-90EC-9009DCB1DA27}.Debug|Any CPU.ActiveCfg = Debug|Any CPU
		{209FA320-69B4-4667-90EC-9009DCB1DA27}.Debug|Any CPU.Build.0 = Debug|Any CPU
		{209FA320-69B4-4667-90EC-9009DCB1DA27}.Release|Any CPU.ActiveCfg = Release|Any CPU
		{209FA320-69B4-4667-90EC-9009DCB1DA27}.Release|Any CPU.Build.0 = Release|Any CPU
	EndGlobalSection
	GlobalSection(SolutionProperties) = preSolution
		HideSolutionNode = FALSE
	EndGlobalSection
	GlobalSection(ExtensibilityGlobals) = postSolution
		SolutionGuid = {638D1AAE-460C-4579-B902-53CF36FF3551}
	EndGlobalSection
EndGlobal
